PODS:
  - Alamofire (4.7.3)
  - NVActivityIndicatorView (4.3.0):
    - NVActivityIndicatorView/Presenter (= 4.3.0)
  - NVActivityIndicatorView/Presenter (4.3.0)
  - SWXMLHash (4.7.1)

DEPENDENCIES:
  - Alamofire (~> 4.7)
  - NVActivityIndicatorView (~> 4.1)
  - SWXMLHash (~> 4.7)

SPEC REPOS:
  https://github.com/cocoapods/specs.git:
    - Alamofire
    - NVActivityIndicatorView
    - SWXMLHash

SPEC CHECKSUMS:
  Alamofire: c7287b6e5d7da964a70935e5db17046b7fde6568
  NVActivityIndicatorView: 963f62bf9f993fcf23218e55958e5b1761b9504c
  SWXMLHash: 661b67bc94a01fe71a6ad4ca690cf2cafa5d1d6f

PODFILE CHECKSUM: 50db7588ad973aea4add48b5d63b9600b07efe2d

COCOAPODS: 1.6.0.beta.1
